PODS:
  - ffmpeg-kit-macos-https (6.0)
  - ffmpeg_kit_flutter (6.0.3):
    - ffmpeg_kit_flutter/https (= 6.0.3)
    - FlutterMacOS
  - ffmpeg_kit_flutter/https (6.0.3):
    - ffmpeg-kit-macos-https (= 6.0)
    - FlutterMacOS
  - FlutterMacOS (1.0.0)

DEPENDENCIES:
  - ffmpeg_kit_flutter (from `Flutter/ephemeral/.symlinks/plugins/ffmpeg_kit_flutter/macos`)
  - FlutterMacOS (from `Flutter/ephemeral`)

SPEC REPOS:
  trunk:
    - ffmpeg-kit-macos-https

EXTERNAL SOURCES:
  ffmpeg_kit_flutter:
    :path: Flutter/ephemeral/.symlinks/plugins/ffmpeg_kit_flutter/macos
  FlutterMacOS:
    :path: Flutter/ephemeral

SPEC CHECKSUMS:
  ffmpeg-kit-macos-https: 60de703db964ccca7fd0d4d1611f4c102a8139cc
  ffmpeg_kit_flutter: 5bd75928cf88ec177cea410b027681e4bfe09452
  FlutterMacOS: 8f6f14fa908a6fb3fba0cd85dbd81ec4b251fb24

PODFILE CHECKSUM: 73d0feaa9ca8c9b13bc5b5e21fbe09c71472f86f

COCOAPODS: 1.14.3
